
Microsoft Visual Studio Solution File, Format Version 12.00
# Visual Studio Version 16
VisualStudioVersion = 16.0.31105.61
MinimumVisualStudioVersion = 10.0.40219.1
Project("{2150E333-8FDC-42A3-9474-1A3956D46DE8}") = "Services", "Services", "{E73B0804-85CA-48F6-8E84-093C1810BE15}"
EndProject
Project("{2150E333-8FDC-42A3-9474-1A3956D46DE8}") = "Catalog", "Catalog", "{0F957034-25B4-41D0-821C-DDEC9B2F2258}"
EndProject
Project("{9A19103F-16F7-4668-BE54-9A1E7A4F7556}") = "Catalog.API", "Services\Catalog\Catalog.API\Catalog.API.csproj", "{1A7EC65D-D35E-4C89-A444-A87E22F3BE6C}"
EndProject
Project("{E53339B2-1760-4266-BCC7-CA923CBCF16C}") = "docker-compose", "docker-compose.dcproj", "{24FC759A-1B42-43EE-A8AD-5D2344F3D337}"
EndProject
Project("{2150E333-8FDC-42A3-9474-1A3956D46DE8}") = "Basket", "Basket", "{14DA86D4-8564-468A-B8B8-7D2EEBFBF617}"
EndProject
Project("{9A19103F-16F7-4668-BE54-9A1E7A4F7556}") = "Basket.API", "Services\Basket\Basket.API\Basket.API.csproj", "{CFB721B0-CBDD-43C7-9ADF-9E8BDA79F3CE}"
EndProject
Project("{2150E333-8FDC-42A3-9474-1A3956D46DE8}") = "Discount", "Discount", "{318B67BD-9061-41F9-B856-1257109C7D97}"
EndProject
Project("{9A19103F-16F7-4668-BE54-9A1E7A4F7556}") = "Discount.API", "Services\Discount\Discount.API\Discount.API.csproj", "{B0FABEBC-3AD2-4DF2-8E47-665F86DEB4AC}"
EndProject
Project("{9A19103F-16F7-4668-BE54-9A1E7A4F7556}") = "Discount.Grpc", "Services\Discount\Discount.Grpc\Discount.Grpc.csproj", "{497C2EC2-3C95-40B3-8A9A-1DAB8F1FB086}"
EndProject
Project("{2150E333-8FDC-42A3-9474-1A3956D46DE8}") = "Ordering", "Ordering", "{46509FE1-66DD-4A94-B62D-C52DC3EC8C16}"
EndProject
Project("{9A19103F-16F7-4668-BE54-9A1E7A4F7556}") = "Ordering.API", "Services\Ordering\Ordering.API\Ordering.API.csproj", "{447E7B36-5418-4580-BA0B-8B3AD29CD311}"
EndProject
Project("{9A19103F-16F7-4668-BE54-9A1E7A4F7556}") = "Ordering.Domain", "Services\Ordering\Ordering.Domain\Ordering.Domain.csproj", "{0F1590CC-47CD-4668-9F7F-530DB099F465}"
EndProject
Project("{9A19103F-16F7-4668-BE54-9A1E7A4F7556}") = "Ordering.Application", "Services\Ordering\Ordering.Application\Ordering.Application.csproj", "{3974942E-8A5A-4A0A-A1CE-11732D46A3F2}"
EndProject
Project("{9A19103F-16F7-4668-BE54-9A1E7A4F7556}") = "Ordering.Infrastructure", "Services\Ordering\Ordering.Infrastructure\Ordering.Infrastructure.csproj", "{34EEEB92-8CFA-4712-A9D5-BB24B34CB02C}"
EndProject
Project("{2150E333-8FDC-42A3-9474-1A3956D46DE8}") = "BuildingBlocks", "BuildingBlocks", "{51FB2D61-299E-4FA9-94A5-69A22EE1532F}"
EndProject
Project("{9A19103F-16F7-4668-BE54-9A1E7A4F7556}") = "EventBus.Messages", "BuildingBlocks\EventBus.Messages\EventBus.Messages.csproj", "{32C00259-3346-43E0-9D8C-862E73E78A7D}"
EndProject
Project("{2150E333-8FDC-42A3-9474-1A3956D46DE8}") = "ApiGateways", "ApiGateways", "{71CE630F-A733-4C5D-881F-640B4323DA43}"
EndProject
Project("{9A19103F-16F7-4668-BE54-9A1E7A4F7556}") = "OcelotApiGw", "ApiGateways\OcelotApiGw\OcelotApiGw.csproj", "{3DAAB55F-766D-43D7-9669-4C6135A3526A}"
EndProject
Project("{9A19103F-16F7-4668-BE54-9A1E7A4F7556}") = "Shopping.Aggregator", "ApiGateways\Shopping.Aggregator\Shopping.Aggregator.csproj", "{124B5A26-15FE-460D-81DC-D87189E3C8B1}"
EndProject
Project("{2150E333-8FDC-42A3-9474-1A3956D46DE8}") = "WebApps", "WebApps", "{365BF03E-BF68-46E5-AFF0-66E3A5527E3E}"
EndProject
Project("{9A19103F-16F7-4668-BE54-9A1E7A4F7556}") = "AspnetRunBasics", "WebApps\AspnetRunBasics\AspnetRunBasics.csproj", "{14BA2696-FB9E-4C09-A779-C2C59A5F90A7}"
EndProject
Global
	GlobalSection(SolutionConfigurationPlatforms) = preSolution
		Debug|Any CPU = Debug|Any CPU
		Release|Any CPU = Release|Any CPU
	EndGlobalSection
	GlobalSection(ProjectConfigurationPlatforms) = postSolution
		{1A7EC65D-D35E-4C89-A444-A87E22F3BE6C}.Debug|Any CPU.ActiveCfg = Debug|Any CPU
		{1A7EC65D-D35E-4C89-A444-A87E22F3BE6C}.Debug|Any CPU.Build.0 = Debug|Any CPU
		{1A7EC65D-D35E-4C89-A444-A87E22F3BE6C}.Release|Any CPU.ActiveCfg = Release|Any CPU
		{1A7EC65D-D35E-4C89-A444-A87E22F3BE6C}.Release|Any CPU.Build.0 = Release|Any CPU
		{24FC759A-1B42-43EE-A8AD-5D2344F3D337}.Debug|Any CPU.ActiveCfg = Debug|Any CPU
		{24FC759A-1B42-43EE-A8AD-5D2344F3D337}.Debug|Any CPU.Build.0 = Debug|Any CPU
		{24FC759A-1B42-43EE-A8AD-5D2344F3D337}.Release|Any CPU.ActiveCfg = Release|Any CPU
		{24FC759A-1B42-43EE-A8AD-5D2344F3D337}.Release|Any CPU.Build.0 = Release|Any CPU
		{CFB721B0-CBDD-43C7-9ADF-9E8BDA79F3CE}.Debug|Any CPU.ActiveCfg = Debug|Any CPU
		{CFB721B0-CBDD-43C7-9ADF-9E8BDA79F3CE}.Debug|Any CPU.Build.0 = Debug|Any CPU
		{CFB721B0-CBDD-43C7-9ADF-9E8BDA79F3CE}.Release|Any CPU.ActiveCfg = Release|Any CPU
		{CFB721B0-CBDD-43C7-9ADF-9E8BDA79F3CE}.Release|Any CPU.Build.0 = Release|Any CPU
		{B0FABEBC-3AD2-4DF2-8E47-665F86DEB4AC}.Debug|Any CPU.ActiveCfg = Debug|Any CPU
		{B0FABEBC-3AD2-4DF2-8E47-665F86DEB4AC}.Debug|Any CPU.Build.0 = Debug|Any CPU
		{B0FABEBC-3AD2-4DF2-8E47-665F86DEB4AC}.Release|Any CPU.ActiveCfg = Release|Any CPU
		{B0FABEBC-3AD2-4DF2-8E47-665F86DEB4AC}.Release|Any CPU.Build.0 = Release|Any CPU
		{497C2EC2-3C95-40B3-8A9A-1DAB8F1FB086}.Debug|Any CPU.ActiveCfg = Debug|Any CPU
		{497C2EC2-3C95-40B3-8A9A-1DAB8F1FB086}.Debug|Any CPU.Build.0 = Debug|Any CPU
		{497C2EC2-3C95-40B3-8A9A-1DAB8F1FB086}.Release|Any CPU.ActiveCfg = Release|Any CPU
		{497C2EC2-3C95-40B3-8A9A-1DAB8F1FB086}.Release|Any CPU.Build.0 = Release|Any CPU
		{447E7B36-5418-4580-BA0B-8B3AD29CD311}.Debug|Any CPU.ActiveCfg = Debug|Any CPU
		{447E7B36-5418-4580-BA0B-8B3AD29CD311}.Debug|Any CPU.Build.0 = Debug|Any CPU
		{447E7B36-5418-4580-BA0B-8B3AD29CD311}.Release|Any CPU.ActiveCfg = Release|Any CPU
		{447E7B36-5418-4580-BA0B-8B3AD29CD311}.Release|Any CPU.Build.0 = Release|Any CPU
		{0F1590CC-47CD-4668-9F7F-530DB099F465}.Debug|Any CPU.ActiveCfg = Debug|Any CPU
		{0F1590CC-47CD-4668-9F7F-530DB099F465}.Debug|Any CPU.Build.0 = Debug|Any CPU
		{0F1590CC-47CD-4668-9F7F-530DB099F465}.Release|Any CPU.ActiveCfg = Release|Any CPU
		{0F1590CC-47CD-4668-9F7F-530DB099F465}.Release|Any CPU.Build.0 = Release|Any CPU
		{3974942E-8A5A-4A0A-A1CE-11732D46A3F2}.Debug|Any CPU.ActiveCfg = Debug|Any CPU
		{3974942E-8A5A-4A0A-A1CE-11732D46A3F2}.Debug|Any CPU.Build.0 = Debug|Any CPU
		{3974942E-8A5A-4A0A-A1CE-11732D46A3F2}.Release|Any CPU.ActiveCfg = Release|Any CPU
		{3974942E-8A5A-4A0A-A1CE-11732D46A3F2}.Release|Any CPU.Build.0 = Release|Any CPU
		{34EEEB92-8CFA-4712-A9D5-BB24B34CB02C}.Debug|Any CPU.ActiveCfg = Debug|Any CPU
		{34EEEB92-8CFA-4712-A9D5-BB24B34CB02C}.Debug|Any CPU.Build.0 = Debug|Any CPU
		{34EEEB92-8CFA-4712-A9D5-BB24B34CB02C}.Release|Any CPU.ActiveCfg = Release|Any CPU
		{34EEEB92-8CFA-4712-A9D5-BB24B34CB02C}.Release|Any CPU.Build.0 = Release|Any CPU
		{32C00259-3346-43E0-9D8C-862E73E78A7D}.Debug|Any CPU.ActiveCfg = Debug|Any CPU
		{32C00259-3346-43E0-9D8C-862E73E78A7D}.Debug|Any CPU.Build.0 = Debug|Any CPU
		{32C00259-3346-43E0-9D8C-862E73E78A7D}.Release|Any CPU.ActiveCfg = Release|Any CPU
		{32C00259-3346-43E0-9D8C-862E73E78A7D}.Release|Any CPU.Build.0 = Release|Any CPU
		{3DAAB55F-766D-43D7-9669-4C6135A3526A}.Debug|Any CPU.ActiveCfg = Debug|Any CPU
		{3DAAB55F-766D-43D7-9669-4C6135A3526A}.Debug|Any CPU.Build.0 = Debug|Any CPU
		{3DAAB55F-766D-43D7-9669-4C6135A3526A}.Release|Any CPU.ActiveCfg = Release|Any CPU
		{3DAAB55F-766D-43D7-9669-4C6135A3526A}.Release|Any CPU.Build.0 = Release|Any CPU
		{124B5A26-15FE-460D-81DC-D87189E3C8B1}.Debug|Any CPU.ActiveCfg = Debug|Any CPU
		{124B5A26-15FE-460D-81DC-D87189E3C8B1}.Debug|Any CPU.Build.0 = Debug|Any CPU
		{124B5A26-15FE-460D-81DC-D87189E3C8B1}.Release|Any CPU.ActiveCfg = Release|Any CPU
		{124B5A26-15FE-460D-81DC-D87189E3C8B1}.Release|Any CPU.Build.0 = Release|Any CPU
		{14BA2696-FB9E-4C09-A779-C2C59A5F90A7}.Debug|Any CPU.ActiveCfg = Debug|Any CPU
		{14BA2696-FB9E-4C09-A779-C2C59A5F90A7}.Debug|Any CPU.Build.0 = Debug|Any CPU
		{14BA2696-FB9E-4C09-A779-C2C59A5F90A7}.Release|Any CPU.ActiveCfg = Release|Any CPU
		{14BA2696-FB9E-4C09-A779-C2C59A5F90A7}.Release|Any CPU.Build.0 = Release|Any CPU
	EndGlobalSection
	GlobalSection(SolutionProperties) = preSolution
		HideSolutionNode = FALSE
	EndGlobalSection
	GlobalSection(NestedProjects) = preSolution
		{0F957034-25B4-41D0-821C-DDEC9B2F2258} = {E73B0804-85CA-48F6-8E84-093C1810BE15}
		{1A7EC65D-D35E-4C89-A444-A87E22F3BE6C} = {0F957034-25B4-41D0-821C-DDEC9B2F2258}
		{14DA86D4-8564-468A-B8B8-7D2EEBFBF617} = {E73B0804-85CA-48F6-8E84-093C1810BE15}
		{CFB721B0-CBDD-43C7-9ADF-9E8BDA79F3CE} = {14DA86D4-8564-468A-B8B8-7D2EEBFBF617}
		{318B67BD-9061-41F9-B856-1257109C7D97} = {E73B0804-85CA-48F6-8E84-093C1810BE15}
		{B0FABEBC-3AD2-4DF2-8E47-665F86DEB4AC} = {318B67BD-9061-41F9-B856-1257109C7D97}
		{497C2EC2-3C95-40B3-8A9A-1DAB8F1FB086} = {318B67BD-9061-41F9-B856-1257109C7D97}
		{46509FE1-66DD-4A94-B62D-C52DC3EC8C16} = {E73B0804-85CA-48F6-8E84-093C1810BE15}
		{447E7B36-5418-4580-BA0B-8B3AD29CD311} = {46509FE1-66DD-4A94-B62D-C52DC3EC8C16}
		{0F1590CC-47CD-4668-9F7F-530DB099F465} = {46509FE1-66DD-4A94-B62D-C52DC3EC8C16}
		{3974942E-8A5A-4A0A-A1CE-11732D46A3F2} = {46509FE1-66DD-4A94-B62D-C52DC3EC8C16}
		{34EEEB92-8CFA-4712-A9D5-BB24B34CB02C} = {46509FE1-66DD-4A94-B62D-C52DC3EC8C16}
		{32C00259-3346-43E0-9D8C-862E73E78A7D} = {51FB2D61-299E-4FA9-94A5-69A22EE1532F}
		{3DAAB55F-766D-43D7-9669-4C6135A3526A} = {71CE630F-A733-4C5D-881F-640B4323DA43}
		{124B5A26-15FE-460D-81DC-D87189E3C8B1} = {71CE630F-A733-4C5D-881F-640B4323DA43}
		{14BA2696-FB9E-4C09-A779-C2C59A5F90A7} = {365BF03E-BF68-46E5-AFF0-66E3A5527E3E}
	EndGlobalSection
	GlobalSection(ExtensibilityGlobals) = postSolution
		SolutionGuid = {F27ABBB7-10B3-485A-93FA-1E3E2A545D7B}
	EndGlobalSection
EndGlobal
